{
  "version": 4,
  "terraform_version": "1.11.2",
  "serial": 19,
  "lineage": "f06ee9fb-6942-9d11-4b32-e5c716afc0b4",
  "outputs": {},
  "resources": [
    {
      "mode": "managed",
      "type": "cloudcanary_api_check",
      "name": "httpbin_json",
      "provider": "provider[\"registry.terraform.io/yourorg/cloudcanary\"]",
      "instances": [
        {
          "status": "tainted",
          "schema_version": 0,
          "attributes": {
            "auth_type": "none",
            "auth_value": "",
            "body": "",
            "endpoint": "http://localhost:8080/json",
            "expected_status": 200,
            "headers": {
              "Accept": "application/json"
            },
            "id": "ac-ad94a2c67a69452c",
            "interval": 60,
            "last_check_time": "2025-03-24T13:52:58-05:00",
            "last_result": "PENDING",
            "method": "GET",
            "name": "Httpbin JSON API",
            "response_validation": [
              "$.slideshow != null",
              "$.slideshow.title != null"
            ],
            "timeout": 5
          },
          "sensitive_attributes": [
            [
              {
                "type": "get_attr",
                "value": "auth_value"
              }
            ]
          ]
        }
      ]
    },
    {
      "mode": "managed",
      "type": "cloudcanary_api_check",
      "name": "httpbin_post",
      "provider": "provider[\"registry.terraform.io/yourorg/cloudcanary\"]",
      "instances": [
        {
          "status": "tainted",
          "schema_version": 0,
          "attributes": {
            "auth_type": "none",
            "auth_value": "",
            "body": "{\"nested\":{\"key\":\"data\"},\"test\":\"value\"}",
            "endpoint": "http://localhost:8080/post",
            "expected_status": 200,
            "headers": {
              "Accept": "application/json",
              "Content-Type": "application/json"
            },
            "id": "ac-86532cce99cc21fe",
            "interval": 120,
            "last_check_time": "2025-03-24T13:52:58-05:00",
            "last_result": "PENDING",
            "method": "POST",
            "name": "Httpbin POST Test",
            "response_validation": [
              "$.json.test == 'value'",
              "$.json.nested.key == 'data'"
            ],
            "timeout": 5
          },
          "sensitive_attributes": [
            [
              {
                "type": "get_attr",
                "value": "auth_value"
              }
            ]
          ]
        }
      ]
    },
    {
      "mode": "managed",
      "type": "cloudcanary_http_check",
      "name": "httpbin_delay",
      "provider": "provider[\"registry.terraform.io/yourorg/cloudcanary\"]",
      "instances": [
        {
          "status": "tainted",
          "schema_version": 0,
          "attributes": {
            "body": "",
            "expected_response": "",
            "expected_status": 200,
            "follow_redirects": true,
            "headers": {
              "User-Agent": "CloudCanary/1.0"
            },
            "id": "hc-429aa72a68b30a7c",
            "interval": 60,
            "last_check_time": "2025-03-24T13:52:58-05:00",
            "last_result": "PENDING",
            "method": "GET",
            "name": "Httpbin Delay Test",
            "regions": null,
            "retries": 0,
            "timeout": 10,
            "url": "http://localhost:8080/delay/1"
          },
          "sensitive_attributes": []
        }
      ]
    },
    {
      "mode": "managed",
      "type": "cloudcanary_http_check",
      "name": "httpbin_status",
      "provider": "provider[\"registry.terraform.io/yourorg/cloudcanary\"]",
      "instances": [
        {
          "status": "tainted",
          "schema_version": 0,
          "attributes": {
            "body": "",
            "expected_response": "",
            "expected_status": 200,
            "follow_redirects": true,
            "headers": {
              "User-Agent": "CloudCanary/1.0"
            },
            "id": "hc-a6115e6e51cdae83",
            "interval": 30,
            "last_check_time": "2025-03-24T13:52:58-05:00",
            "last_result": "PENDING",
            "method": "GET",
            "name": "Httpbin Status Check",
            "regions": null,
            "retries": 1,
            "timeout": 5,
            "url": "http://localhost:8080/status/200"
          },
          "sensitive_attributes": []
        }
      ]
    }
  ],
  "check_results": null
}
